
Microsoft Visual Studio Solution File, Format Version 12.00
# Visual Studio Version 17
VisualStudioVersion = 17.4.33403.182
MinimumVisualStudioVersion = 10.0.40219.1
Project("{FAE04EC0-301F-11D3-BF4B-00C04F79EFBC}") = "TAL.PremiumCalculator.API", "TAL.PremiumCalculator.API\TAL.PremiumCalculator.API.csproj", "{79277010-CDD8-4D08-9510-8196CAF06C73}"
EndProject
Project("{FAE04EC0-301F-11D3-BF4B-00C04F79EFBC}") = "TAL.PremiumCalculator.Data", "TAL.PremiumCalculator.Data\TAL.PremiumCalculator.Data.csproj", "{637C7357-3B9A-4338-AB1A-CEA2083C4AB4}"
EndProject
Project("{FAE04EC0-301F-11D3-BF4B-00C04F79EFBC}") = "TAL.PremiumCalculator.Data.Abstractions", "TAL.PremiumCalculator.Data.Abstractions\TAL.PremiumCalculator.Data.Abstractions.csproj", "{31FA34E8-D8E8-44BD-8A50-17D8F7CFC30F}"
EndProject
Project("{FAE04EC0-301F-11D3-BF4B-00C04F79EFBC}") = "TAL.PremiumCalculator.Data.Models", "TAL.PremiumCalculator.Data.Models\TAL.PremiumCalculator.Data.Models.csproj", "{EB8AACCF-DCCA-4A6C-A962-82E3EFF7C3EA}"
EndProject
Project("{FAE04EC0-301F-11D3-BF4B-00C04F79EFBC}") = "TAL.PremiumCalculator.Business", "TAL.PremiumCalculator.Business\TAL.PremiumCalculator.Business.csproj", "{E1C74DB0-D45E-4A3A-8439-B95BCBC2E2EE}"
EndProject
Project("{FAE04EC0-301F-11D3-BF4B-00C04F79EFBC}") = "TAL.PremiumCalculator.Business.Abstractions", "TAL.PremiumCalculator.Business.Abstractions\TAL.PremiumCalculator.Business.Abstractions.csproj", "{3BD5A182-1A30-4221-BA5D-61AC34E12501}"
EndProject
Project("{FAE04EC0-301F-11D3-BF4B-00C04F79EFBC}") = "TAL.PremiumCalculator.Business.Objects", "TAL.PremiumCalculator.Business.Objects\TAL.PremiumCalculator.Business.Objects.csproj", "{DAA37C76-EBE1-4F79-8438-3A016502F2CE}"
EndProject
Project("{FAE04EC0-301F-11D3-BF4B-00C04F79EFBC}") = "TAL.PremiumCalculator.Business.Mappers", "TAL.PremiumCalculator.Business.Mappers\TAL.PremiumCalculator.Business.Mappers.csproj", "{294FA830-49FB-4B7E-9298-90700F4177D3}"
EndProject
Global
	GlobalSection(SolutionConfigurationPlatforms) = preSolution
		Debug|Any CPU = Debug|Any CPU
		Release|Any CPU = Release|Any CPU
	EndGlobalSection
	GlobalSection(ProjectConfigurationPlatforms) = postSolution
		{79277010-CDD8-4D08-9510-8196CAF06C73}.Debug|Any CPU.ActiveCfg = Debug|Any CPU
		{79277010-CDD8-4D08-9510-8196CAF06C73}.Debug|Any CPU.Build.0 = Debug|Any CPU
		{79277010-CDD8-4D08-9510-8196CAF06C73}.Release|Any CPU.ActiveCfg = Release|Any CPU
		{79277010-CDD8-4D08-9510-8196CAF06C73}.Release|Any CPU.Build.0 = Release|Any CPU
		{637C7357-3B9A-4338-AB1A-CEA2083C4AB4}.Debug|Any CPU.ActiveCfg = Debug|Any CPU
		{637C7357-3B9A-4338-AB1A-CEA2083C4AB4}.Debug|Any CPU.Build.0 = Debug|Any CPU
		{637C7357-3B9A-4338-AB1A-CEA2083C4AB4}.Release|Any CPU.ActiveCfg = Release|Any CPU
		{637C7357-3B9A-4338-AB1A-CEA2083C4AB4}.Release|Any CPU.Build.0 = Release|Any CPU
		{31FA34E8-D8E8-44BD-8A50-17D8F7CFC30F}.Debug|Any CPU.ActiveCfg = Debug|Any CPU
		{31FA34E8-D8E8-44BD-8A50-17D8F7CFC30F}.Debug|Any CPU.Build.0 = Debug|Any CPU
		{31FA34E8-D8E8-44BD-8A50-17D8F7CFC30F}.Release|Any CPU.ActiveCfg = Release|Any CPU
		{31FA34E8-D8E8-44BD-8A50-17D8F7CFC30F}.Release|Any CPU.Build.0 = Release|Any CPU
		{EB8AACCF-DCCA-4A6C-A962-82E3EFF7C3EA}.Debug|Any CPU.ActiveCfg = Debug|Any CPU
		{EB8AACCF-DCCA-4A6C-A962-82E3EFF7C3EA}.Debug|Any CPU.Build.0 = Debug|Any CPU
		{EB8AACCF-DCCA-4A6C-A962-82E3EFF7C3EA}.Release|Any CPU.ActiveCfg = Release|Any CPU
		{EB8AACCF-DCCA-4A6C-A962-82E3EFF7C3EA}.Release|Any CPU.Build.0 = Release|Any CPU
		{E1C74DB0-D45E-4A3A-8439-B95BCBC2E2EE}.Debug|Any CPU.ActiveCfg = Debug|Any CPU
		{E1C74DB0-D45E-4A3A-8439-B95BCBC2E2EE}.Debug|Any CPU.Build.0 = Debug|Any CPU
		{E1C74DB0-D45E-4A3A-8439-B95BCBC2E2EE}.Release|Any CPU.ActiveCfg = Release|Any CPU
		{E1C74DB0-D45E-4A3A-8439-B95BCBC2E2EE}.Release|Any CPU.Build.0 = Release|Any CPU
		{3BD5A182-1A30-4221-BA5D-61AC34E12501}.Debug|Any CPU.ActiveCfg = Debug|Any CPU
		{3BD5A182-1A30-4221-BA5D-61AC34E12501}.Debug|Any CPU.Build.0 = Debug|Any CPU
		{3BD5A182-1A30-4221-BA5D-61AC34E12501}.Release|Any CPU.ActiveCfg = Release|Any CPU
		{3BD5A182-1A30-4221-BA5D-61AC34E12501}.Release|Any CPU.Build.0 = Release|Any CPU
		{DAA37C76-EBE1-4F79-8438-3A016502F2CE}.Debug|Any CPU.ActiveCfg = Debug|Any CPU
		{DAA37C76-EBE1-4F79-8438-3A016502F2CE}.Debug|Any CPU.Build.0 = Debug|Any CPU
		{DAA37C76-EBE1-4F79-8438-3A016502F2CE}.Release|Any CPU.ActiveCfg = Release|Any CPU
		{DAA37C76-EBE1-4F79-8438-3A016502F2CE}.Release|Any CPU.Build.0 = Release|Any CPU
		{294FA830-49FB-4B7E-9298-90700F4177D3}.Debug|Any CPU.ActiveCfg = Debug|Any CPU
		{294FA830-49FB-4B7E-9298-90700F4177D3}.Debug|Any CPU.Build.0 = Debug|Any CPU
		{294FA830-49FB-4B7E-9298-90700F4177D3}.Release|Any CPU.ActiveCfg = Release|Any CPU
		{294FA830-49FB-4B7E-9298-90700F4177D3}.Release|Any CPU.Build.0 = Release|Any CPU
	EndGlobalSection
	GlobalSection(SolutionProperties) = preSolution
		HideSolutionNode = FALSE
	EndGlobalSection
	GlobalSection(ExtensibilityGlobals) = postSolution
		SolutionGuid = {89150658-652A-4D80-832C-F2D8509961A9}
	EndGlobalSection
EndGlobal
